
Microsoft Visual Studio Solution File, Format Version 12.00
# Visual Studio Version 17
VisualStudioVersion = 17.12.35527.113 d17.12
MinimumVisualStudioVersion = 10.0.40219.1
Project("{FAE04EC0-301F-11D3-BF4B-00C04F79EFBC}") = "Al-Amal", "Al-Amal\Al-Amal.csproj", "{A230A13B-5A69-4E35-9B88-4137B0B2338F}"
EndProject
Global
	GlobalSection(SolutionConfigurationPlatforms) = preSolution
		Debug|Any CPU = Debug|Any CPU
		Release|Any CPU = Release|Any CPU
	EndGlobalSection
	GlobalSection(ProjectConfigurationPlatforms) = postSolution
		{A230A13B-5A69-4E35-9B88-4137B0B2338F}.Debug|Any CPU.ActiveCfg = Debug|Any CPU
		{A230A13B-5A69-4E35-9B88-4137B0B2338F}.Debug|Any CPU.Build.0 = Debug|Any CPU
		{A230A13B-5A69-4E35-9B88-4137B0B2338F}.Release|Any CPU.ActiveCfg = Release|Any CPU
		{A230A13B-5A69-4E35-9B88-4137B0B2338F}.Release|Any CPU.Build.0 = Release|Any CPU
	EndGlobalSection
	GlobalSection(SolutionProperties) = preSolution
		HideSolutionNode = FALSE
	EndGlobalSection
EndGlobal
